
Microsoft Visual Studio Solution File, Format Version 12.00
# Visual Studio Version 17
VisualStudioVersion = 17.3.32819.101
MinimumVisualStudioVersion = 10.0.40219.1
Project("{8BC9CEB8-8B4A-11D0-8D11-00A0C91BC942}") = "Recursion", "Recursion\Recursion.vcxproj", "{39518EFA-AA35-4B3C-A24C-216E54B8A710}"
EndProject
Global
	GlobalSection(SolutionConfigurationPlatforms) = preSolution
		Debug|x64 = Debug|x64
		Debug|x86 = Debug|x86
		Release|x64 = Release|x64
		Release|x86 = Release|x86
	EndGlobalSection
	GlobalSection(ProjectConfigurationPlatforms) = postSolution
		{39518EFA-AA35-4B3C-A24C-216E54B8A710}.Debug|x64.ActiveCfg = Debug|x64
		{39518EFA-AA35-4B3C-A24C-216E54B8A710}.Debug|x64.Build.0 = Debug|x64
		{39518EFA-AA35-4B3C-A24C-216E54B8A710}.Debug|x86.ActiveCfg = Debug|Win32
		{39518EFA-AA35-4B3C-A24C-216E54B8A710}.Debug|x86.Build.0 = Debug|Win32
		{39518EFA-AA35-4B3C-A24C-216E54B8A710}.Release|x64.ActiveCfg = Release|x64
		{39518EFA-AA35-4B3C-A24C-216E54B8A710}.Release|x64.Build.0 = Release|x64
		{39518EFA-AA35-4B3C-A24C-216E54B8A710}.Release|x86.ActiveCfg = Release|Win32
		{39518EFA-AA35-4B3C-A24C-216E54B8A710}.Release|x86.Build.0 = Release|Win32
	EndGlobalSection
	GlobalSection(SolutionProperties) = preSolution
		HideSolutionNode = FALSE
	EndGlobalSection
	GlobalSection(ExtensibilityGlobals) = postSolution
		SolutionGuid = {CCAEF68E-64BE-4EE8-97E5-3E5C9081B735}
	EndGlobalSection
EndGlobal
